
Microsoft Visual Studio Solution File, Format Version 12.00
# Visual Studio 15
Project("{FAE04EC0-301F-11D3-BF4B-00C04F79EFBC}") = "MerryYellow.CodeAssist.Editor", "MerryYellow.CodeAssist.Editor.csproj", "{EA56AD83-CDC7-822E-A2C9-ADD8BF14E8E6}"
EndProject
Project("{FAE04EC0-301F-11D3-BF4B-00C04F79EFBC}") = "Assembly-CSharp", "Assembly-CSharp.csproj", "{C63F9734-E5D6-6616-3981-E85D446935B6}"
EndProject
Global
	GlobalSection(SolutionConfigurationPlatforms) = preSolution
		Debug|Any CPU = Debug|Any CPU
		Release|Any CPU = Release|Any CPU
	EndGlobalSection
	GlobalSection(ProjectConfigurationPlatforms) = postSolution
		{EA56AD83-CDC7-822E-A2C9-ADD8BF14E8E6}.Debug|Any CPU.ActiveCfg = Debug|Any CPU
		{EA56AD83-CDC7-822E-A2C9-ADD8BF14E8E6}.Debug|Any CPU.Build.0 = Debug|Any CPU
		{EA56AD83-CDC7-822E-A2C9-ADD8BF14E8E6}.Release|Any CPU.ActiveCfg = Release|Any CPU
		{EA56AD83-CDC7-822E-A2C9-ADD8BF14E8E6}.Release|Any CPU.Build.0 = Release|Any CPU
		{C63F9734-E5D6-6616-3981-E85D446935B6}.Debug|Any CPU.ActiveCfg = Debug|Any CPU
		{C63F9734-E5D6-6616-3981-E85D446935B6}.Debug|Any CPU.Build.0 = Debug|Any CPU
		{C63F9734-E5D6-6616-3981-E85D446935B6}.Release|Any CPU.ActiveCfg = Release|Any CPU
		{C63F9734-E5D6-6616-3981-E85D446935B6}.Release|Any CPU.Build.0 = Release|Any CPU
	EndGlobalSection
	GlobalSection(SolutionProperties) = preSolution
		HideSolutionNode = FALSE
	EndGlobalSection
EndGlobal
